
Microsoft Visual Studio Solution File, Format Version 12.00
# Visual Studio Version 16
VisualStudioVersion = 16.0.31605.320
MinimumVisualStudioVersion = 10.0.40219.1
Project("{FAE04EC0-301F-11D3-BF4B-00C04F79EFBC}") = "MapperUtilLib", "MapperUtilLib.csproj", "{6F6D33CD-FD7F-4605-AC16-4A116D8ACD1A}"
EndProject
Global
	GlobalSection(SolutionConfigurationPlatforms) = preSolution
		Debug|Any CPU = Debug|Any CPU
		Release|Any CPU = Release|Any CPU
	EndGlobalSection
	GlobalSection(ProjectConfigurationPlatforms) = postSolution
		{6F6D33CD-FD7F-4605-AC16-4A116D8ACD1A}.Debug|Any CPU.ActiveCfg = Debug|Any CPU
		{6F6D33CD-FD7F-4605-AC16-4A116D8ACD1A}.Debug|Any CPU.Build.0 = Debug|Any CPU
		{6F6D33CD-FD7F-4605-AC16-4A116D8ACD1A}.Release|Any CPU.ActiveCfg = Release|Any CPU
		{6F6D33CD-FD7F-4605-AC16-4A116D8ACD1A}.Release|Any CPU.Build.0 = Release|Any CPU
	EndGlobalSection
	GlobalSection(SolutionProperties) = preSolution
		HideSolutionNode = FALSE
	EndGlobalSection
	GlobalSection(ExtensibilityGlobals) = postSolution
		SolutionGuid = {8DF8CE9F-05D8-47C5-9111-DA9189243032}
	EndGlobalSection
EndGlobal
